
Microsoft Visual Studio Solution File, Format Version 12.00
# Visual Studio Express 15 for Windows Desktop
VisualStudioVersion = 15.0.28307.779
MinimumVisualStudioVersion = 10.0.40219.1
Project("{FAE04EC0-301F-11D3-BF4B-00C04F79EFBC}") = "UsoMsgBox", "WindowsFormsApplication1\UsoMsgBox.csproj", "{6E5E4BA3-99C5-4C6B-9F11-585CCEADF54D}"
EndProject
Global
	GlobalSection(SolutionConfigurationPlatforms) = preSolution
		Debug|Any CPU = Debug|Any CPU
		Release|Any CPU = Release|Any CPU
	EndGlobalSection
	GlobalSection(ProjectConfigurationPlatforms) = postSolution
		{6E5E4BA3-99C5-4C6B-9F11-585CCEADF54D}.Debug|Any CPU.ActiveCfg = Debug|Any CPU
		{6E5E4BA3-99C5-4C6B-9F11-585CCEADF54D}.Debug|Any CPU.Build.0 = Debug|Any CPU
		{6E5E4BA3-99C5-4C6B-9F11-585CCEADF54D}.Release|Any CPU.ActiveCfg = Release|Any CPU
		{6E5E4BA3-99C5-4C6B-9F11-585CCEADF54D}.Release|Any CPU.Build.0 = Release|Any CPU
	EndGlobalSection
	GlobalSection(SolutionProperties) = preSolution
		HideSolutionNode = FALSE
	EndGlobalSection
	GlobalSection(ExtensibilityGlobals) = postSolution
		SolutionGuid = {5978F55B-5083-4DCD-9126-28233C3FA8F6}
	EndGlobalSection
EndGlobal
